// !$*UTF8*$!
{
	archiveVersion = 1;
	classes = {
	};
	objectVersion = 77;
	objects = {

/* Begin PBXBuildFile section */
		04EB2E052D18A6B600AEADC9 /* README.MD in Resources */ = {isa = PBXBuildFile; fileRef = 04EB2E042D18A6B100AEADC9 /* README.MD */; };
		04F7632A2D18B1BE00CEA284 /* MQTTNIO in Frameworks */ = {isa = PBXBuildFile; productRef = 04F763292D18B1BE00CEA284 /* MQTTNIO */; };
		36725B70FC57D640CFAAE8BC /* Pods_BlueControl_HA.framework in Frameworks */ = {isa = PBXBuildFile; fileRef = 1F449170B603778A25513136 /* Pods_BlueControl_HA.framework */; };
		91CD5A9EC89FA43F1A29629B /* Pods_BlueControl_HATests.framework in Frameworks */ = {isa = PBXBuildFile; fileRef = 7D3D6C905A9D9A684D8625B4 /* Pods_BlueControl_HATests.framework */; };
		9DAC0243B2D783F74013DFA8 /* Pods_BlueControl_HA_BlueControl_HAUITests.framework in Frameworks */ = {isa = PBXBuildFile; fileRef = 02FAC6A45A6E6D3F6C1A4522 /* Pods_BlueControl_HA_BlueControl_HAUITests.framework */; };
/* End PBXBuildFile section */

/* Begin PBXContainerItemProxy section */
		04EB2DE82D18A5BF00AEADC9 /* PBXContainerItemProxy */ = {
			isa = PBXContainerItemProxy;
			containerPortal = 04EB2DCE2D18A5BE00AEADC9 /* Project object */;
			proxyType = 1;
			remoteGlobalIDString = 04EB2DD52D18A5BE00AEADC9;
			remoteInfo = "BlueControl HA";
		};
		04EB2DF22D18A5BF00AEADC9 /* PBXContainerItemProxy */ = {
			isa = PBXContainerItemProxy;
			containerPortal = 04EB2DCE2D18A5BE00AEADC9 /* Project object */;
			proxyType = 1;
			remoteGlobalIDString = 04EB2DD52D18A5BE00AEADC9;
			remoteInfo = "BlueControl HA";
		};
/* End PBXContainerItemProxy section */

/* Begin PBXFileReference section */
		02FAC6A45A6E6D3F6C1A4522 /* Pods_BlueControl_HA_BlueControl_HAUITests.framework */ = {isa = PBXFileReference; explicitFileType = wrapper.framework; includeInIndex = 0; path = Pods_BlueControl_HA_BlueControl_HAUITests.framework; sourceTree = BUILT_PRODUCTS_DIR; };
		04EB2DD62D18A5BE00AEADC9 /* BlueControl HA.app */ = {isa = PBXFileReference; explicitFileType = wrapper.application; includeInIndex = 0; path = "BlueControl HA.app"; sourceTree = BUILT_PRODUCTS_DIR; };
		04EB2DE72D18A5BF00AEADC9 /* BlueControl HATests.xctest */ = {isa = PBXFileReference; explicitFileType = wrapper.cfbundle; includeInIndex = 0; path = "BlueControl HATests.xctest"; sourceTree = BUILT_PRODUCTS_DIR; };
		04EB2DF12D18A5BF00AEADC9 /* BlueControl HAUITests.xctest */ = {isa = PBXFileReference; explicitFileType = wrapper.cfbundle; includeInIndex = 0; path = "BlueControl HAUITests.xctest"; sourceTree = BUILT_PRODUCTS_DIR; };
		04EB2E042D18A6B100AEADC9 /* README.MD */ = {isa = PBXFileReference; lastKnownFileType = net.daringfireball.markdown; path = README.MD; sourceTree = "<group>"; };
		0E2ABC63980CD7AD12FAA7DD /* Pods-BlueControl HA-BlueControl HAUITests.release.xcconfig */ = {isa = PBXFileReference; includeInIndex = 1; lastKnownFileType = text.xcconfig; name = "Pods-BlueControl HA-BlueControl HAUITests.release.xcconfig"; path = "Target Support Files/Pods-BlueControl HA-BlueControl HAUITests/Pods-BlueControl HA-BlueControl HAUITests.release.xcconfig"; sourceTree = "<group>"; };
		1F449170B603778A25513136 /* Pods_BlueControl_HA.framework */ = {isa = PBXFileReference; explicitFileType = wrapper.framework; includeInIndex = 0; path = Pods_BlueControl_HA.framework; sourceTree = BUILT_PRODUCTS_DIR; };
		38266016EA0D2EC6D01852DE /* Pods-BlueControl HATests.debug.xcconfig */ = {isa = PBXFileReference; includeInIndex = 1; lastKnownFileType = text.xcconfig; name = "Pods-BlueControl HATests.debug.xcconfig"; path = "Target Support Files/Pods-BlueControl HATests/Pods-BlueControl HATests.debug.xcconfig"; sourceTree = "<group>"; };
		6D4E88D2DB6D949B8CB8BDFF /* Pods-BlueControl HA.release.xcconfig */ = {isa = PBXFileReference; includeInIndex = 1; lastKnownFileType = text.xcconfig; name = "Pods-BlueControl HA.release.xcconfig"; path = "Target Support Files/Pods-BlueControl HA/Pods-BlueControl HA.release.xcconfig"; sourceTree = "<group>"; };
		7D3D6C905A9D9A684D8625B4 /* Pods_BlueControl_HATests.framework */ = {isa = PBXFileReference; explicitFileType = wrapper.framework; includeInIndex = 0; path = Pods_BlueControl_HATests.framework; sourceTree = BUILT_PRODUCTS_DIR; };
		9EA69A7570F35730DE35CF0E /* Pods-BlueControl HA-BlueControl HAUITests.debug.xcconfig */ = {isa = PBXFileReference; includeInIndex = 1; lastKnownFileType = text.xcconfig; name = "Pods-BlueControl HA-BlueControl HAUITests.debug.xcconfig"; path = "Target Support Files/Pods-BlueControl HA-BlueControl HAUITests/Pods-BlueControl HA-BlueControl HAUITests.debug.xcconfig"; sourceTree = "<group>"; };
		A430FCB982DC102EA578D458 /* Pods-BlueControl HATests.release.xcconfig */ = {isa = PBXFileReference; includeInIndex = 1; lastKnownFileType = text.xcconfig; name = "Pods-BlueControl HATests.release.xcconfig"; path = "Target Support Files/Pods-BlueControl HATests/Pods-BlueControl HATests.release.xcconfig"; sourceTree = "<group>"; };
		ECF5B26801002883F426DAA2 /* Pods-BlueControl HA.debug.xcconfig */ = {isa = PBXFileReference; includeInIndex = 1; lastKnownFileType = text.xcconfig; name = "Pods-BlueControl HA.debug.xcconfig"; path = "Target Support Files/Pods-BlueControl HA/Pods-BlueControl HA.debug.xcconfig"; sourceTree = "<group>"; };
/* End PBXFileReference section */

/* Begin PBXFileSystemSynchronizedRootGroup section */
		04EB2DD82D18A5BE00AEADC9 /* BlueControl HA */ = {
			isa = PBXFileSystemSynchronizedRootGroup;
			path = "BlueControl HA";
			sourceTree = "<group>";
		};
		04EB2DEA2D18A5BF00AEADC9 /* BlueControl HATests */ = {
			isa = PBXFileSystemSynchronizedRootGroup;
			path = "BlueControl HATests";
			sourceTree = "<group>";
		};
		04EB2DF42D18A5BF00AEADC9 /* BlueControl HAUITests */ = {
			isa = PBXFileSystemSynchronizedRootGroup;
			path = "BlueControl HAUITests";
			sourceTree = "<group>";
		};
/* End PBXFileSystemSynchronizedRootGroup section */

/* Begin PBXFrameworksBuildPhase section */
		04EB2DD32D18A5BE00AEADC9 /* Frameworks */ = {
			isa = PBXFrameworksBuildPhase;
			buildActionMask = 2147483647;
			files = (
				36725B70FC57D640CFAAE8BC /* Pods_BlueControl_HA.framework in Frameworks */,
				04F7632A2D18B1BE00CEA284 /* MQTTNIO in Frameworks */,
			);
			runOnlyForDeploymentPostprocessing = 0;
		};
		04EB2DE42D18A5BF00AEADC9 /* Frameworks */ = {
			isa = PBXFrameworksBuildPhase;
			buildActionMask = 2147483647;
			files = (
				91CD5A9EC89FA43F1A29629B /* Pods_BlueControl_HATests.framework in Frameworks */,
			);
			runOnlyForDeploymentPostprocessing = 0;
		};
		04EB2DEE2D18A5BF00AEADC9 /* Frameworks */ = {
			isa = PBXFrameworksBuildPhase;
			buildActionMask = 2147483647;
			files = (
				9DAC0243B2D783F74013DFA8 /* Pods_BlueControl_HA_BlueControl_HAUITests.framework in Frameworks */,
			);
			runOnlyForDeploymentPostprocessing = 0;
		};
/* End PBXFrameworksBuildPhase section */

/* Begin PBXGroup section */
		04EB2DCD2D18A5BE00AEADC9 = {
			isa = PBXGroup;
			children = (
				04EB2E042D18A6B100AEADC9 /* README.MD */,
				04EB2DD82D18A5BE00AEADC9 /* BlueControl HA */,
				04EB2DEA2D18A5BF00AEADC9 /* BlueControl HATests */,
				04EB2DF42D18A5BF00AEADC9 /* BlueControl HAUITests */,
				04EB2DD72D18A5BE00AEADC9 /* Products */,
				8138EF47E9117A0A1E6B67F4 /* Pods */,
				38C03527FEB43C63F47D3A69 /* Frameworks */,
			);
			sourceTree = "<group>";
		};
		04EB2DD72D18A5BE00AEADC9 /* Products */ = {
			isa = PBXGroup;
			children = (
				04EB2DD62D18A5BE00AEADC9 /* BlueControl HA.app */,
				04EB2DE72D18A5BF00AEADC9 /* BlueControl HATests.xctest */,
				04EB2DF12D18A5BF00AEADC9 /* BlueControl HAUITests.xctest */,
			);
			name = Products;
			sourceTree = "<group>";
		};
		38C03527FEB43C63F47D3A69 /* Frameworks */ = {
			isa = PBXGroup;
			children = (
				1F449170B603778A25513136 /* Pods_BlueControl_HA.framework */,
				02FAC6A45A6E6D3F6C1A4522 /* Pods_BlueControl_HA_BlueControl_HAUITests.framework */,
				7D3D6C905A9D9A684D8625B4 /* Pods_BlueControl_HATests.framework */,
			);
			name = Frameworks;
			sourceTree = "<group>";
		};
		8138EF47E9117A0A1E6B67F4 /* Pods */ = {
			isa = PBXGroup;
			children = (
				ECF5B26801002883F426DAA2 /* Pods-BlueControl HA.debug.xcconfig */,
				6D4E88D2DB6D949B8CB8BDFF /* Pods-BlueControl HA.release.xcconfig */,
				9EA69A7570F35730DE35CF0E /* Pods-BlueControl HA-BlueControl HAUITests.debug.xcconfig */,
				0E2ABC63980CD7AD12FAA7DD /* Pods-BlueControl HA-BlueControl HAUITests.release.xcconfig */,
				38266016EA0D2EC6D01852DE /* Pods-BlueControl HATests.debug.xcconfig */,
				A430FCB982DC102EA578D458 /* Pods-BlueControl HATests.release.xcconfig */,
			);
			path = Pods;
			sourceTree = "<group>";
		};
/* End PBXGroup section */

/* Begin PBXNativeTarget section */
		04EB2DD52D18A5BE00AEADC9 /* BlueControl HA */ = {
			isa = PBXNativeTarget;
			buildConfigurationList = 04EB2DFB2D18A5BF00AEADC9 /* Build configuration list for PBXNativeTarget "BlueControl HA" */;
			buildPhases = (
				C2E967D92A17D4C362DD1C49 /* [CP] Check Pods Manifest.lock */,
				04EB2DD22D18A5BE00AEADC9 /* Sources */,
				04EB2DD32D18A5BE00AEADC9 /* Frameworks */,
				04EB2DD42D18A5BE00AEADC9 /* Resources */,
				355D31B7740F08B9DBED3619 /* [CP] Embed Pods Frameworks */,
			);
			buildRules = (
			);
			dependencies = (
			);
			fileSystemSynchronizedGroups = (
				04EB2DD82D18A5BE00AEADC9 /* BlueControl HA */,
			);
			name = "BlueControl HA";
			productName = "BlueControl HA";
			productReference = 04EB2DD62D18A5BE00AEADC9 /* BlueControl HA.app */;
			productType = "com.apple.product-type.application";
		};
		04EB2DE62D18A5BF00AEADC9 /* BlueControl HATests */ = {
			isa = PBXNativeTarget;
			buildConfigurationList = 04EB2DFE2D18A5BF00AEADC9 /* Build configuration list for PBXNativeTarget "BlueControl HATests" */;
			buildPhases = (
				96471B40ABACA26F10D847DC /* [CP] Check Pods Manifest.lock */,
				04EB2DE32D18A5BF00AEADC9 /* Sources */,
				04EB2DE42D18A5BF00AEADC9 /* Frameworks */,
				04EB2DE52D18A5BF00AEADC9 /* Resources */,
			);
			buildRules = (
			);
			dependencies = (
				04EB2DE92D18A5BF00AEADC9 /* PBXTargetDependency */,
			);
			fileSystemSynchronizedGroups = (
				04EB2DEA2D18A5BF00AEADC9 /* BlueControl HATests */,
			);
			name = "BlueControl HATests";
			productName = "BlueControl HATests";
			productReference = 04EB2DE72D18A5BF00AEADC9 /* BlueControl HATests.xctest */;
			productType = "com.apple.product-type.bundle.unit-test";
		};
		04EB2DF02D18A5BF00AEADC9 /* BlueControl HAUITests */ = {
			isa = PBXNativeTarget;
			buildConfigurationList = 04EB2E012D18A5BF00AEADC9 /* Build configuration list for PBXNativeTarget "BlueControl HAUITests" */;
			buildPhases = (
				305F1914DAECCA3619176352 /* [CP] Check Pods Manifest.lock */,
				04EB2DED2D18A5BF00AEADC9 /* Sources */,
				04EB2DEE2D18A5BF00AEADC9 /* Frameworks */,
				04EB2DEF2D18A5BF00AEADC9 /* Resources */,
				55CADE2E6F9B42D36EF5F8FE /* [CP] Embed Pods Frameworks */,
			);
			buildRules = (
			);
			dependencies = (
				04EB2DF32D18A5BF00AEADC9 /* PBXTargetDependency */,
			);
			fileSystemSynchronizedGroups = (
				04EB2DF42D18A5BF00AEADC9 /* BlueControl HAUITests */,
			);
			name = "BlueControl HAUITests";
			productName = "BlueControl HAUITests";
			productReference = 04EB2DF12D18A5BF00AEADC9 /* BlueControl HAUITests.xctest */;
			productType = "com.apple.product-type.bundle.ui-testing";
		};
/* End PBXNativeTarget section */

/* Begin PBXProject section */
		04EB2DCE2D18A5BE00AEADC9 /* Project object */ = {
			isa = PBXProject;
			attributes = {
				BuildIndependentTargetsInParallel = 1;
				LastSwiftUpdateCheck = 1620;
				LastUpgradeCheck = 1620;
				TargetAttributes = {
					04EB2DD52D18A5BE00AEADC9 = {
						CreatedOnToolsVersion = 16.2;
					};
					04EB2DE62D18A5BF00AEADC9 = {
						CreatedOnToolsVersion = 16.2;
						TestTargetID = 04EB2DD52D18A5BE00AEADC9;
					};
					04EB2DF02D18A5BF00AEADC9 = {
						CreatedOnToolsVersion = 16.2;
						TestTargetID = 04EB2DD52D18A5BE00AEADC9;
					};
				};
			};
			buildConfigurationList = 04EB2DD12D18A5BE00AEADC9 /* Build configuration list for PBXProject "BlueControl HA" */;
			developmentRegion = en;
			hasScannedForEncodings = 0;
			knownRegions = (
				en,
				Base,
			);
			mainGroup = 04EB2DCD2D18A5BE00AEADC9;
			minimizedProjectReferenceProxies = 1;
			packageReferences = (
				04F763282D18B17800CEA284 /* XCRemoteSwiftPackageReference "mqtt-nio" */,
			);
			preferredProjectObjectVersion = 77;
			productRefGroup = 04EB2DD72D18A5BE00AEADC9 /* Products */;
			projectDirPath = "";
			projectRoot = "";
			targets = (
				04EB2DD52D18A5BE00AEADC9 /* BlueControl HA */,
				04EB2DE62D18A5BF00AEADC9 /* BlueControl HATests */,
				04EB2DF02D18A5BF00AEADC9 /* BlueControl HAUITests */,
			);
		};
/* End PBXProject section */

/* Begin PBXResourcesBuildPhase section */
		04EB2DD42D18A5BE00AEADC9 /* Resources */ = {
			isa = PBXResourcesBuildPhase;
			buildActionMask = 2147483647;
			files = (
				04EB2E052D18A6B600AEADC9 /* README.MD in Resources */,
			);
			runOnlyForDeploymentPostprocessing = 0;
		};
		04EB2DE52D18A5BF00AEADC9 /* Resources */ = {
			isa = PBXResourcesBuildPhase;
			buildActionMask = 2147483647;
			files = (
			);
			runOnlyForDeploymentPostprocessing = 0;
		};
		04EB2DEF2D18A5BF00AEADC9 /* Resources */ = {
			isa = PBXResourcesBuildPhase;
			buildActionMask = 2147483647;
			files = (
			);
			runOnlyForDeploymentPostprocessing = 0;
		};
/* End PBXResourcesBuildPhase section */

/* Begin PBXShellScriptBuildPhase section */
		305F1914DAECCA3619176352 /* [CP] Check Pods Manifest.lock */ = {
			isa = PBXShellScriptBuildPhase;
			buildActionMask = 2147483647;
			files = (
			);
			inputFileListPaths = (
			);
			inputPaths = (
				"${PODS_PODFILE_DIR_PATH}/Podfile.lock",
				"${PODS_ROOT}/Manifest.lock",
			);
			name = "[CP] Check Pods Manifest.lock";
			outputFileListPaths = (
			);
			outputPaths = (
				"$(DERIVED_FILE_DIR)/Pods-BlueControl HA-BlueControl HAUITests-checkManifestLockResult.txt",
			);
			runOnlyForDeploymentPostprocessing = 0;
			shellPath = /bin/sh;
			shellScript = "diff \"${PODS_PODFILE_DIR_PATH}/Podfile.lock\" \"${PODS_ROOT}/Manifest.lock\" > /dev/null\nif [ $? != 0 ] ; then\n    # print error to STDERR\n    echo \"error: The sandbox is not in sync with the Podfile.lock. Run 'pod install' or update your CocoaPods installation.\" >&2\n    exit 1\nfi\n# This output is used by Xcode 'outputs' to avoid re-running this script phase.\necho \"SUCCESS\" > \"${SCRIPT_OUTPUT_FILE_0}\"\n";
			showEnvVarsInLog = 0;
		};
		355D31B7740F08B9DBED3619 /* [CP] Embed Pods Frameworks */ = {
			isa = PBXShellScriptBuildPhase;
			buildActionMask = 2147483647;
			files = (
			);
			inputFileListPaths = (
				"${PODS_ROOT}/Target Support Files/Pods-BlueControl HA/Pods-BlueControl HA-frameworks-${CONFIGURATION}-input-files.xcfilelist",
			);
			name = "[CP] Embed Pods Frameworks";
			outputFileListPaths = (
				"${PODS_ROOT}/Target Support Files/Pods-BlueControl HA/Pods-BlueControl HA-frameworks-${CONFIGURATION}-output-files.xcfilelist",
			);
			runOnlyForDeploymentPostprocessing = 0;
			shellPath = /bin/sh;
			shellScript = "\"${PODS_ROOT}/Target Support Files/Pods-BlueControl HA/Pods-BlueControl HA-frameworks.sh\"\n";
			showEnvVarsInLog = 0;
		};
		55CADE2E6F9B42D36EF5F8FE /* [CP] Embed Pods Frameworks */ = {
			isa = PBXShellScriptBuildPhase;
			buildActionMask = 2147483647;
			files = (
			);
			inputFileListPaths = (
				"${PODS_ROOT}/Target Support Files/Pods-BlueControl HA-BlueControl HAUITests/Pods-BlueControl HA-BlueControl HAUITests-frameworks-${CONFIGURATION}-input-files.xcfilelist",
			);
			name = "[CP] Embed Pods Frameworks";
			outputFileListPaths = (
				"${PODS_ROOT}/Target Support Files/Pods-BlueControl HA-BlueControl HAUITests/Pods-BlueControl HA-BlueControl HAUITests-frameworks-${CONFIGURATION}-output-files.xcfilelist",
			);
			runOnlyForDeploymentPostprocessing = 0;
			shellPath = /bin/sh;
			shellScript = "\"${PODS_ROOT}/Target Support Files/Pods-BlueControl HA-BlueControl HAUITests/Pods-BlueControl HA-BlueControl HAUITests-frameworks.sh\"\n";
			showEnvVarsInLog = 0;
		};
		96471B40ABACA26F10D847DC /* [CP] Check Pods Manifest.lock */ = {
			isa = PBXShellScriptBuildPhase;
			buildActionMask = 2147483647;
			files = (
			);
			inputFileListPaths = (
			);
			inputPaths = (
				"${PODS_PODFILE_DIR_PATH}/Podfile.lock",
				"${PODS_ROOT}/Manifest.lock",
			);
			name = "[CP] Check Pods Manifest.lock";
			outputFileListPaths = (
			);
			outputPaths = (
				"$(DERIVED_FILE_DIR)/Pods-BlueControl HATests-checkManifestLockResult.txt",
			);
			runOnlyForDeploymentPostprocessing = 0;
			shellPath = /bin/sh;
			shellScript = "diff \"${PODS_PODFILE_DIR_PATH}/Podfile.lock\" \"${PODS_ROOT}/Manifest.lock\" > /dev/null\nif [ $? != 0 ] ; then\n    # print error to STDERR\n    echo \"error: The sandbox is not in sync with the Podfile.lock. Run 'pod install' or update your CocoaPods installation.\" >&2\n    exit 1\nfi\n# This output is used by Xcode 'outputs' to avoid re-running this script phase.\necho \"SUCCESS\" > \"${SCRIPT_OUTPUT_FILE_0}\"\n";
			showEnvVarsInLog = 0;
		};
		C2E967D92A17D4C362DD1C49 /* [CP] Check Pods Manifest.lock */ = {
			isa = PBXShellScriptBuildPhase;
			buildActionMask = 2147483647;
			files = (
			);
			inputFileListPaths = (
			);
			inputPaths = (
				"${PODS_PODFILE_DIR_PATH}/Podfile.lock",
				"${PODS_ROOT}/Manifest.lock",
			);
			name = "[CP] Check Pods Manifest.lock";
			outputFileListPaths = (
			);
			outputPaths = (
				"$(DERIVED_FILE_DIR)/Pods-BlueControl HA-checkManifestLockResult.txt",
			);
			runOnlyForDeploymentPostprocessing = 0;
			shellPath = /bin/sh;
			shellScript = "diff \"${PODS_PODFILE_DIR_PATH}/Podfile.lock\" \"${PODS_ROOT}/Manifest.lock\" > /dev/null\nif [ $? != 0 ] ; then\n    # print error to STDERR\n    echo \"error: The sandbox is not in sync with the Podfile.lock. Run 'pod install' or update your CocoaPods installation.\" >&2\n    exit 1\nfi\n# This output is used by Xcode 'outputs' to avoid re-running this script phase.\necho \"SUCCESS\" > \"${SCRIPT_OUTPUT_FILE_0}\"\n";
			showEnvVarsInLog = 0;
		};
/* End PBXShellScriptBuildPhase section */

/* Begin PBXSourcesBuildPhase section */
		04EB2DD22D18A5BE00AEADC9 /* Sources */ = {
			isa = PBXSourcesBuildPhase;
			buildActionMask = 2147483647;
			files = (
			);
			runOnlyForDeploymentPostprocessing = 0;
		};
		04EB2DE32D18A5BF00AEADC9 /* Sources */ = {
			isa = PBXSourcesBuildPhase;
			buildActionMask = 2147483647;
			files = (
			);
			runOnlyForDeploymentPostprocessing = 0;
		};
		04EB2DED2D18A5BF00AEADC9 /* Sources */ = {
			isa = PBXSourcesBuildPhase;
			buildActionMask = 2147483647;
			files = (
			);
			runOnlyForDeploymentPostprocessing = 0;
		};
/* End PBXSourcesBuildPhase section */

/* Begin PBXTargetDependency section */
		04EB2DE92D18A5BF00AEADC9 /* PBXTargetDependency */ = {
			isa = PBXTargetDependency;
			target = 04EB2DD52D18A5BE00AEADC9 /* BlueControl HA */;
			targetProxy = 04EB2DE82D18A5BF00AEADC9 /* PBXContainerItemProxy */;
		};
		04EB2DF32D18A5BF00AEADC9 /* PBXTargetDependency */ = {
			isa = PBXTargetDependency;
			target = 04EB2DD52D18A5BE00AEADC9 /* BlueControl HA */;
			targetProxy = 04EB2DF22D18A5BF00AEADC9 /* PBXContainerItemProxy */;
		};
/* End PBXTargetDependency section */

/* Begin XCBuildConfiguration section */
		04EB2DF92D18A5BF00AEADC9 /* Debug */ = {
			isa = XCBuildConfiguration;
			buildSettings = {
				ALWAYS_SEARCH_USER_PATHS = NO;
				ASSETCATALOG_COMPILER_GENERATE_SWIFT_ASSET_SYMBOL_EXTENSIONS = YES;
				CLANG_ANALYZER_NONNULL = YES;
				CLANG_ANALYZER_NUMBER_OBJECT_CONVERSION = YES_AGGRESSIVE;
				CLANG_CXX_LANGUAGE_STANDARD = "gnu++20";
				CLANG_ENABLE_MODULES = YES;
				CLANG_ENABLE_OBJC_ARC = YES;
				CLANG_ENABLE_OBJC_WEAK = YES;
				CLANG_WARN_BLOCK_CAPTURE_AUTORELEASING = YES;
				CLANG_WARN_BOOL_CONVERSION = YES;
				CLANG_WARN_COMMA = YES;
				CLANG_WARN_CONSTANT_CONVERSION = YES;
				CLANG_WARN_DEPRECATED_OBJC_IMPLEMENTATIONS = YES;
				CLANG_WARN_DIRECT_OBJC_ISA_USAGE = YES_ERROR;
				CLANG_WARN_DOCUMENTATION_COMMENTS = YES;
				CLANG_WARN_EMPTY_BODY = YES;
				CLANG_WARN_ENUM_CONVERSION = YES;
				CLANG_WARN_INFINITE_RECURSION = YES;
				CLANG_WARN_INT_CONVERSION = YES;
				CLANG_WARN_NON_LITERAL_NULL_CONVERSION = YES;
				CLANG_WARN_OBJC_IMPLICIT_RETAIN_SELF = YES;
				CLANG_WARN_OBJC_LITERAL_CONVERSION = YES;
				CLANG_WARN_OBJC_ROOT_CLASS = YES_ERROR;
				CLANG_WARN_QUOTED_INCLUDE_IN_FRAMEWORK_HEADER = YES;
				CLANG_WARN_RANGE_LOOP_ANALYSIS = YES;
				CLANG_WARN_STRICT_PROTOTYPES = YES;
				CLANG_WARN_SUSPICIOUS_MOVE = YES;
				CLANG_WARN_UNGUARDED_AVAILABILITY = YES_AGGRESSIVE;
				CLANG_WARN_UNREACHABLE_CODE = YES;
				CLANG_WARN__DUPLICATE_METHOD_MATCH = YES;
				COPY_PHASE_STRIP = NO;
				DEBUG_INFORMATION_FORMAT = dwarf;
				ENABLE_STRICT_OBJC_MSGSEND = YES;
				ENABLE_TESTABILITY = YES;
				ENABLE_USER_SCRIPT_SANDBOXING = NO;
				GCC_C_LANGUAGE_STANDARD = gnu17;
				GCC_DYNAMIC_NO_PIC = NO;
				GCC_NO_COMMON_BLOCKS = YES;
				GCC_OPTIMIZATION_LEVEL = 0;
				GCC_PREPROCESSOR_DEFINITIONS = (
					"DEBUG=1",
					"$(inherited)",
				);
				GCC_WARN_64_TO_32_BIT_CONVERSION = YES;
				GCC_WARN_ABOUT_RETURN_TYPE = YES_ERROR;
				GCC_WARN_UNDECLARED_SELECTOR = YES;
				GCC_WARN_UNINITIALIZED_AUTOS = YES_AGGRESSIVE;
				GCC_WARN_UNUSED_FUNCTION = YES;
				GCC_WARN_UNUSED_VARIABLE = YES;
				LOCALIZATION_PREFERS_STRING_CATALOGS = YES;
				MACOSX_DEPLOYMENT_TARGET = 15.2;
				MTL_ENABLE_DEBUG_INFO = INCLUDE_SOURCE;
				MTL_FAST_MATH = YES;
				ONLY_ACTIVE_ARCH = YES;
				SDKROOT = macosx;
				SWIFT_ACTIVE_COMPILATION_CONDITIONS = "DEBUG $(inherited)";
				SWIFT_OPTIMIZATION_LEVEL = "-Onone";
			};
			name = Debug;
		};
		04EB2DFA2D18A5BF00AEADC9 /* Release */ = {
			isa = XCBuildConfiguration;
			buildSettings = {
				ALWAYS_SEARCH_USER_PATHS = NO;
				ASSETCATALOG_COMPILER_GENERATE_SWIFT_ASSET_SYMBOL_EXTENSIONS = YES;
				CLANG_ANALYZER_NONNULL = YES;
				CLANG_ANALYZER_NUMBER_OBJECT_CONVERSION = YES_AGGRESSIVE;
				CLANG_CXX_LANGUAGE_STANDARD = "gnu++20";
				CLANG_ENABLE_MODULES = YES;
				CLANG_ENABLE_OBJC_ARC = YES;
				CLANG_ENABLE_OBJC_WEAK = YES;
				CLANG_WARN_BLOCK_CAPTURE_AUTORELEASING = YES;
				CLANG_WARN_BOOL_CONVERSION = YES;
				CLANG_WARN_COMMA = YES;
				CLANG_WARN_CONSTANT_CONVERSION = YES;
				CLANG_WARN_DEPRECATED_OBJC_IMPLEMENTATIONS = YES;
				CLANG_WARN_DIRECT_OBJC_ISA_USAGE = YES_ERROR;
				CLANG_WARN_DOCUMENTATION_COMMENTS = YES;
				CLANG_WARN_EMPTY_BODY = YES;
				CLANG_WARN_ENUM_CONVERSION = YES;
				CLANG_WARN_INFINITE_RECURSION = YES;
				CLANG_WARN_INT_CONVERSION = YES;
				CLANG_WARN_NON_LITERAL_NULL_CONVERSION = YES;
				CLANG_WARN_OBJC_IMPLICIT_RETAIN_SELF = YES;
				CLANG_WARN_OBJC_LITERAL_CONVERSION = YES;
				CLANG_WARN_OBJC_ROOT_CLASS = YES_ERROR;
				CLANG_WARN_QUOTED_INCLUDE_IN_FRAMEWORK_HEADER = YES;
				CLANG_WARN_RANGE_LOOP_ANALYSIS = YES;
				CLANG_WARN_STRICT_PROTOTYPES = YES;
				CLANG_WARN_SUSPICIOUS_MOVE = YES;
				CLANG_WARN_UNGUARDED_AVAILABILITY = YES_AGGRESSIVE;
				CLANG_WARN_UNREACHABLE_CODE = YES;
				CLANG_WARN__DUPLICATE_METHOD_MATCH = YES;
				COPY_PHASE_STRIP = NO;
				DEBUG_INFORMATION_FORMAT = "dwarf-with-dsym";
				ENABLE_NS_ASSERTIONS = NO;
				ENABLE_STRICT_OBJC_MSGSEND = YES;
				ENABLE_USER_SCRIPT_SANDBOXING = NO;
				GCC_C_LANGUAGE_STANDARD = gnu17;
				GCC_NO_COMMON_BLOCKS = YES;
				GCC_WARN_64_TO_32_BIT_CONVERSION = YES;
				GCC_WARN_ABOUT_RETURN_TYPE = YES_ERROR;
				GCC_WARN_UNDECLARED_SELECTOR = YES;
				GCC_WARN_UNINITIALIZED_AUTOS = YES_AGGRESSIVE;
				GCC_WARN_UNUSED_FUNCTION = YES;
				GCC_WARN_UNUSED_VARIABLE = YES;
				LOCALIZATION_PREFERS_STRING_CATALOGS = YES;
				MACOSX_DEPLOYMENT_TARGET = 15.2;
				MTL_ENABLE_DEBUG_INFO = NO;
				MTL_FAST_MATH = YES;
				SDKROOT = macosx;
				SWIFT_COMPILATION_MODE = wholemodule;
			};
			name = Release;
		};
		04EB2DFC2D18A5BF00AEADC9 /* Debug */ = {
			isa = XCBuildConfiguration;
			baseConfigurationReference = ECF5B26801002883F426DAA2 /* Pods-BlueControl HA.debug.xcconfig */;
			buildSettings = {
				ASSETCATALOG_COMPILER_APPICON_NAME = AppIcon;
				ASSETCATALOG_COMPILER_GLOBAL_ACCENT_COLOR_NAME = AccentColor;
				CODE_SIGN_ENTITLEMENTS = "BlueControl HA/BlueControl_HA.entitlements";
				"CODE_SIGN_IDENTITY[sdk=macosx*]" = "-";
				CODE_SIGN_STYLE = Automatic;
				COMBINE_HIDPI_IMAGES = YES;
				CURRENT_PROJECT_VERSION = 1;
				DEVELOPMENT_TEAM = R8A48G2XKZ;
				ENABLE_HARDENED_RUNTIME = YES;
				GENERATE_INFOPLIST_FILE = YES;
				INFOPLIST_FILE = "BlueControl-HA-Info.plist";
				INFOPLIST_KEY_NSBluetoothAlwaysUsageDescription = "Cette application nécessite un accès au Bluetooth pour interagir avec les périphériques Bluetooth.";
				INFOPLIST_KEY_NSHumanReadableCopyright = "";
				INFOPLIST_KEY_NSMainStoryboardFile = Main;
				INFOPLIST_KEY_NSPrincipalClass = NSApplication;
				LD_RUNPATH_SEARCH_PATHS = (
					"$(inherited)",
					"@executable_path/../Frameworks",
				);
				MARKETING_VERSION = 1.0;
				PRODUCT_BUNDLE_IDENTIFIER = "fr.romaing.BlueControl-HA";
				PRODUCT_NAME = "$(TARGET_NAME)";
				SWIFT_EMIT_LOC_STRINGS = YES;
				SWIFT_VERSION = 5.0;
			};
			name = Debug;
		};
		04EB2DFD2D18A5BF00AEADC9 /* Release */ = {
			isa = XCBuildConfiguration;
			baseConfigurationReference = 6D4E88D2DB6D949B8CB8BDFF /* Pods-BlueControl HA.release.xcconfig */;
			buildSettings = {
				ASSETCATALOG_COMPILER_APPICON_NAME = AppIcon;
				ASSETCATALOG_COMPILER_GLOBAL_ACCENT_COLOR_NAME = AccentColor;
				CODE_SIGN_ENTITLEMENTS = "BlueControl HA/BlueControl_HA.entitlements";
				"CODE_SIGN_IDENTITY[sdk=macosx*]" = "-";
				CODE_SIGN_STYLE = Automatic;
				COMBINE_HIDPI_IMAGES = YES;
				CURRENT_PROJECT_VERSION = 1;
				DEVELOPMENT_TEAM = R8A48G2XKZ;
				ENABLE_HARDENED_RUNTIME = YES;
				GENERATE_INFOPLIST_FILE = YES;
				INFOPLIST_FILE = "BlueControl-HA-Info.plist";
				INFOPLIST_KEY_NSBluetoothAlwaysUsageDescription = "Cette application nécessite un accès au Bluetooth pour interagir avec les périphériques Bluetooth.";
				INFOPLIST_KEY_NSHumanReadableCopyright = "";
				INFOPLIST_KEY_NSMainStoryboardFile = Main;
				INFOPLIST_KEY_NSPrincipalClass = NSApplication;
				LD_RUNPATH_SEARCH_PATHS = (
					"$(inherited)",
					"@executable_path/../Frameworks",
				);
				MARKETING_VERSION = 1.0;
				PRODUCT_BUNDLE_IDENTIFIER = "fr.romaing.BlueControl-HA";
				PRODUCT_NAME = "$(TARGET_NAME)";
				SWIFT_EMIT_LOC_STRINGS = YES;
				SWIFT_VERSION = 5.0;
			};
			name = Release;
		};
		04EB2DFF2D18A5BF00AEADC9 /* Debug */ = {
			isa = XCBuildConfiguration;
			baseConfigurationReference = 38266016EA0D2EC6D01852DE /* Pods-BlueControl HATests.debug.xcconfig */;
			buildSettings = {
				BUNDLE_LOADER = "$(TEST_HOST)";
				CODE_SIGN_STYLE = Automatic;
				CURRENT_PROJECT_VERSION = 1;
				DEVELOPMENT_TEAM = R8A48G2XKZ;
				GENERATE_INFOPLIST_FILE = YES;
				MACOSX_DEPLOYMENT_TARGET = 15.2;
				MARKETING_VERSION = 1.0;
				PRODUCT_BUNDLE_IDENTIFIER = "fr.romaing.BlueControl-HATests";
				PRODUCT_NAME = "$(TARGET_NAME)";
				SWIFT_EMIT_LOC_STRINGS = NO;
				SWIFT_VERSION = 5.0;
				TEST_HOST = "$(BUILT_PRODUCTS_DIR)/BlueControl HA.app/$(BUNDLE_EXECUTABLE_FOLDER_PATH)/BlueControl HA";
			};
			name = Debug;
		};
		04EB2E002D18A5BF00AEADC9 /* Release */ = {
			isa = XCBuildConfiguration;
			baseConfigurationReference = A430FCB982DC102EA578D458 /* Pods-BlueControl HATests.release.xcconfig */;
			buildSettings = {
				BUNDLE_LOADER = "$(TEST_HOST)";
				CODE_SIGN_STYLE = Automatic;
				CURRENT_PROJECT_VERSION = 1;
				DEVELOPMENT_TEAM = R8A48G2XKZ;
				GENERATE_INFOPLIST_FILE = YES;
				MACOSX_DEPLOYMENT_TARGET = 15.2;
				MARKETING_VERSION = 1.0;
				PRODUCT_BUNDLE_IDENTIFIER = "fr.romaing.BlueControl-HATests";
				PRODUCT_NAME = "$(TARGET_NAME)";
				SWIFT_EMIT_LOC_STRINGS = NO;
				SWIFT_VERSION = 5.0;
				TEST_HOST = "$(BUILT_PRODUCTS_DIR)/BlueControl HA.app/$(BUNDLE_EXECUTABLE_FOLDER_PATH)/BlueControl HA";
			};
			name = Release;
		};
		04EB2E022D18A5BF00AEADC9 /* Debug */ = {
			isa = XCBuildConfiguration;
			baseConfigurationReference = 9EA69A7570F35730DE35CF0E /* Pods-BlueControl HA-BlueControl HAUITests.debug.xcconfig */;
			buildSettings = {
				CODE_SIGN_STYLE = Automatic;
				CURRENT_PROJECT_VERSION = 1;
				DEVELOPMENT_TEAM = R8A48G2XKZ;
				GENERATE_INFOPLIST_FILE = YES;
				MARKETING_VERSION = 1.0;
				PRODUCT_BUNDLE_IDENTIFIER = "fr.romaing.BlueControl-HAUITests";
				PRODUCT_NAME = "$(TARGET_NAME)";
				SWIFT_EMIT_LOC_STRINGS = NO;
				SWIFT_VERSION = 5.0;
				TEST_TARGET_NAME = "BlueControl HA";
			};
			name = Debug;
		};
		04EB2E032D18A5BF00AEADC9 /* Release */ = {
			isa = XCBuildConfiguration;
			baseConfigurationReference = 0E2ABC63980CD7AD12FAA7DD /* Pods-BlueControl HA-BlueControl HAUITests.release.xcconfig */;
			buildSettings = {
				CODE_SIGN_STYLE = Automatic;
				CURRENT_PROJECT_VERSION = 1;
				DEVELOPMENT_TEAM = R8A48G2XKZ;
				GENERATE_INFOPLIST_FILE = YES;
				MARKETING_VERSION = 1.0;
				PRODUCT_BUNDLE_IDENTIFIER = "fr.romaing.BlueControl-HAUITests";
				PRODUCT_NAME = "$(TARGET_NAME)";
				SWIFT_EMIT_LOC_STRINGS = NO;
				SWIFT_VERSION = 5.0;
				TEST_TARGET_NAME = "BlueControl HA";
			};
			name = Release;
		};
/* End XCBuildConfiguration section */

/* Begin XCConfigurationList section */
		04EB2DD12D18A5BE00AEADC9 /* Build configuration list for PBXProject "BlueControl HA" */ = {
			isa = XCConfigurationList;
			buildConfigurations = (
				04EB2DF92D18A5BF00AEADC9 /* Debug */,
				04EB2DFA2D18A5BF00AEADC9 /* Release */,
			);
			defaultConfigurationIsVisible = 0;
			defaultConfigurationName = Release;
		};
		04EB2DFB2D18A5BF00AEADC9 /* Build configuration list for PBXNativeTarget "BlueControl HA" */ = {
			isa = XCConfigurationList;
			buildConfigurations = (
				04EB2DFC2D18A5BF00AEADC9 /* Debug */,
				04EB2DFD2D18A5BF00AEADC9 /* Release */,
			);
			defaultConfigurationIsVisible = 0;
			defaultConfigurationName = Release;
		};
		04EB2DFE2D18A5BF00AEADC9 /* Build configuration list for PBXNativeTarget "BlueControl HATests" */ = {
			isa = XCConfigurationList;
			buildConfigurations = (
				04EB2DFF2D18A5BF00AEADC9 /* Debug */,
				04EB2E002D18A5BF00AEADC9 /* Release */,
			);
			defaultConfigurationIsVisible = 0;
			defaultConfigurationName = Release;
		};
		04EB2E012D18A5BF00AEADC9 /* Build configuration list for PBXNativeTarget "BlueControl HAUITests" */ = {
			isa = XCConfigurationList;
			buildConfigurations = (
				04EB2E022D18A5BF00AEADC9 /* Debug */,
				04EB2E032D18A5BF00AEADC9 /* Release */,
			);
			defaultConfigurationIsVisible = 0;
			defaultConfigurationName = Release;
		};
/* End XCConfigurationList section */

/* Begin XCRemoteSwiftPackageReference section */
		04F763282D18B17800CEA284 /* XCRemoteSwiftPackageReference "mqtt-nio" */ = {
			isa = XCRemoteSwiftPackageReference;
			repositoryURL = "https://github.com/adam-fowler/mqtt-nio";
			requirement = {
				kind = upToNextMajorVersion;
				minimumVersion = 2.11.0;
			};
		};
/* End XCRemoteSwiftPackageReference section */

/* Begin XCSwiftPackageProductDependency section */
		04F763292D18B1BE00CEA284 /* MQTTNIO */ = {
			isa = XCSwiftPackageProductDependency;
			package = 04F763282D18B17800CEA284 /* XCRemoteSwiftPackageReference "mqtt-nio" */;
			productName = MQTTNIO;
		};
/* End XCSwiftPackageProductDependency section */
	};
	rootObject = 04EB2DCE2D18A5BE00AEADC9 /* Project object */;
}
